{
  "name": "spacestation",
  "version": "1.0.1",
  "lockfileVersion": 1,
  "requires": true,
  "dependencies": {
    "@discordjs/voice": {
      "version": "0.11.0",
      "requires": {
        "@types/ws": "^8.5.3",
        "discord-api-types": "^0.36.2",
        "prism-media": "^1.3.4",
        "tslib": "^2.4.0",
        "ws": "^8.8.1"
      },
      "dependencies": {
        "@types/node": {
          "version": "20.10.3",
          "resolved": "https://registry.npmjs.org/@types/node/-/node-20.10.3.tgz",
          "integrity": "sha512-XJavIpZqiXID5Yxnxv3RUDKTN5b81ddNC3ecsA0SoFXz/QU8OGBwZGMomiq0zw+uuqbL/krztv/DINAQ/EV4gg==",
          "requires": {
            "undici-types": "~5.26.4"
          }
        },
        "@types/ws": {
          "version": "8.5.10",
          "resolved": "https://registry.npmjs.org/@types/ws/-/ws-8.5.10.tgz",
          "integrity": "sha512-vmQSUcfalpIq0R9q7uTo2lXs6eGIpt9wtnLdMv9LVpIjCA/+ufZRozlVoVelIYixx1ugCBKDhn89vnsEGOCx9A==",
          "requires": {
            "@types/node": "*"
          }
        },
        "discord-api-types": {
          "version": "0.36.3",
          "resolved": "https://registry.npmjs.org/discord-api-types/-/discord-api-types-0.36.3.tgz",
          "integrity": "sha512-bz/NDyG0KBo/tY14vSkrwQ/n3HKPf87a0WFW/1M9+tXYK+vp5Z5EksawfCWo2zkAc6o7CClc0eff1Pjrqznlwg=="
        },
        "prism-media": {
          "version": "1.3.5",
          "resolved": "https://registry.npmjs.org/prism-media/-/prism-media-1.3.5.tgz",
          "integrity": "sha512-IQdl0Q01m4LrkN1EGIE9lphov5Hy7WWlH6ulf5QdGePLlPas9p2mhgddTEHrlaXYjjFToM1/rWuwF37VF4taaA=="
        },
        "tslib": {
          "version": "2.6.2",
          "resolved": "https://registry.npmjs.org/tslib/-/tslib-2.6.2.tgz",
          "integrity": "sha512-AEYxH93jGFPn/a2iVAwW87VuUIkR1FVUKB77NwMF7nBTDkDrrT/Hpt/IrCJ0QXhW27jTBDcf5ZY7w6RiqTMw2Q=="
        },
        "undici-types": {
          "version": "5.26.5",
          "resolved": "https://registry.npmjs.org/undici-types/-/undici-types-5.26.5.tgz",
          "integrity": "sha512-JlCMO+ehdEIKqlFxk6IfVoAUVmgz7cU7zD/h9XZ0qzeosSHmUJVOzSQvvYSYWXkFXC+IfLKSIffhv0sVZup6pA=="
        },
        "ws": {
          "version": "8.14.2",
          "resolved": "https://registry.npmjs.org/ws/-/ws-8.14.2.tgz",
          "integrity": "sha512-wEBG1ftX4jcglPxgFCMJmZ2PLtSbJ2Peg6TmpJFTbe9GZYOQCDPdMYu/Tm0/bGZkw8paZnJY45J4K2PZrLYq8g=="
        }
      }
    },
    "chillout": {
      "version": "5.0.0"
    },
    "discord.js": {
      "version": "14.14.1",
      "requires": {
        "@discordjs/builders": "^1.7.0",
        "@discordjs/collection": "1.5.3",
        "@discordjs/formatters": "^0.3.3",
        "@discordjs/rest": "^2.1.0",
        "@discordjs/util": "^1.0.2",
        "@discordjs/ws": "^1.0.2",
        "@sapphire/snowflake": "3.5.1",
        "@types/ws": "8.5.9",
        "discord-api-types": "0.37.61",
        "fast-deep-equal": "3.1.3",
        "lodash.snakecase": "4.1.1",
        "tslib": "2.6.2",
        "undici": "5.27.2",
        "ws": "8.14.2"
      },
      "dependencies": {
        "@discordjs/builders": {
          "version": "1.7.0",
          "resolved": "https://registry.npmjs.org/@discordjs/builders/-/builders-1.7.0.tgz",
          "integrity": "sha512-GDtbKMkg433cOZur8Dv6c25EHxduNIBsxeHrsRoIM8+AwmEZ8r0tEpckx/sHwTLwQPOF3e2JWloZh9ofCaMfAw==",
          "requires": {
            "@discordjs/formatters": "^0.3.3",
            "@discordjs/util": "^1.0.2",
            "@sapphire/shapeshift": "^3.9.3",
            "discord-api-types": "0.37.61",
            "fast-deep-equal": "^3.1.3",
            "ts-mixer": "^6.0.3",
            "tslib": "^2.6.2"
          }
        },
        "@discordjs/collection": {
          "version": "1.5.3",
          "resolved": "https://registry.npmjs.org/@discordjs/collection/-/collection-1.5.3.tgz",
          "integrity": "sha512-SVb428OMd3WO1paV3rm6tSjM4wC+Kecaa1EUGX7vc6/fddvw/6lg90z4QtCqm21zvVe92vMMDt9+DkIvjXImQQ=="
        },
        "@discordjs/formatters": {
          "version": "0.3.3",
          "resolved": "https://registry.npmjs.org/@discordjs/formatters/-/formatters-0.3.3.tgz",
          "integrity": "sha512-wTcI1Q5cps1eSGhl6+6AzzZkBBlVrBdc9IUhJbijRgVjCNIIIZPgqnUj3ntFODsHrdbGU8BEG9XmDQmgEEYn3w==",
          "requires": {
            "discord-api-types": "0.37.61"
          }
        },
        "@discordjs/rest": {
          "version": "2.2.0",
          "resolved": "https://registry.npmjs.org/@discordjs/rest/-/rest-2.2.0.tgz",
          "integrity": "sha512-nXm9wT8oqrYFRMEqTXQx9DUTeEtXUDMmnUKIhZn6O2EeDY9VCdwj23XCPq7fkqMPKdF7ldAfeVKyxxFdbZl59A==",
          "requires": {
            "@discordjs/collection": "^2.0.0",
            "@discordjs/util": "^1.0.2",
            "@sapphire/async-queue": "^1.5.0",
            "@sapphire/snowflake": "^3.5.1",
            "@vladfrangu/async_event_emitter": "^2.2.2",
            "discord-api-types": "0.37.61",
            "magic-bytes.js": "^1.5.0",
            "tslib": "^2.6.2",
            "undici": "5.27.2"
          },
          "dependencies": {
            "@discordjs/collection": {
              "version": "2.0.0",
              "resolved": "https://registry.npmjs.org/@discordjs/collection/-/collection-2.0.0.tgz",
              "integrity": "sha512-YTWIXLrf5FsrLMycpMM9Q6vnZoR/lN2AWX23/Cuo8uOOtS8eHB2dyQaaGnaF8aZPYnttf2bkLMcXn/j6JUOi3w=="
            }
          }
        },
        "@discordjs/util": {
          "version": "1.0.2",
          "resolved": "https://registry.npmjs.org/@discordjs/util/-/util-1.0.2.tgz",
          "integrity": "sha512-IRNbimrmfb75GMNEjyznqM1tkI7HrZOf14njX7tCAAUetyZM1Pr8hX/EK2lxBCOgWDRmigbp24fD1hdMfQK5lw=="
        },
        "@discordjs/ws": {
          "version": "1.0.2",
          "resolved": "https://registry.npmjs.org/@discordjs/ws/-/ws-1.0.2.tgz",
          "integrity": "sha512-+XI82Rm2hKnFwAySXEep4A7Kfoowt6weO6381jgW+wVdTpMS/56qCvoXyFRY0slcv7c/U8My2PwIB2/wEaAh7Q==",
          "requires": {
            "@discordjs/collection": "^2.0.0",
            "@discordjs/rest": "^2.1.0",
            "@discordjs/util": "^1.0.2",
            "@sapphire/async-queue": "^1.5.0",
            "@types/ws": "^8.5.9",
            "@vladfrangu/async_event_emitter": "^2.2.2",
            "discord-api-types": "0.37.61",
            "tslib": "^2.6.2",
            "ws": "^8.14.2"
          },
          "dependencies": {
            "@discordjs/collection": {
              "version": "2.0.0",
              "resolved": "https://registry.npmjs.org/@discordjs/collection/-/collection-2.0.0.tgz",
              "integrity": "sha512-YTWIXLrf5FsrLMycpMM9Q6vnZoR/lN2AWX23/Cuo8uOOtS8eHB2dyQaaGnaF8aZPYnttf2bkLMcXn/j6JUOi3w=="
            }
          }
        },
        "@fastify/busboy": {
          "version": "2.1.0",
          "resolved": "https://registry.npmjs.org/@fastify/busboy/-/busboy-2.1.0.tgz",
          "integrity": "sha512-+KpH+QxZU7O4675t3mnkQKcZZg56u+K/Ct2K+N2AZYNVK8kyeo/bI18tI8aPm3tvNNRyTWfj6s5tnGNlcbQRsA=="
        },
        "@sapphire/async-queue": {
          "version": "1.5.1",
          "resolved": "https://registry.npmjs.org/@sapphire/async-queue/-/async-queue-1.5.1.tgz",
          "integrity": "sha512-1RdpsmDQR/aWfp8oJzPtn4dNQrbpqSL5PIA0uAB/XwerPXUf994Ug1au1e7uGcD7ei8/F63UDjr5GWps1g/HxQ=="
        },
        "@sapphire/shapeshift": {
          "version": "3.9.4",
          "resolved": "https://registry.npmjs.org/@sapphire/shapeshift/-/shapeshift-3.9.4.tgz",
          "integrity": "sha512-SiOoCBmm8O7QuadLJnX4V0tAkhC54NIOZJtmvw+5zwnHaiulGkjY02wxCuK8Gf4V540ILmGz+UulC0U8mrOZjg==",
          "requires": {
            "fast-deep-equal": "^3.1.3",
            "lodash": "^4.17.21"
          }
        },
        "@sapphire/snowflake": {
          "version": "3.5.1",
          "resolved": "https://registry.npmjs.org/@sapphire/snowflake/-/snowflake-3.5.1.tgz",
          "integrity": "sha512-BxcYGzgEsdlG0dKAyOm0ehLGm2CafIrfQTZGWgkfKYbj+pNNsorZ7EotuZukc2MT70E0UbppVbtpBrqpzVzjNA=="
        },
        "@types/node": {
          "version": "20.10.3",
          "resolved": "https://registry.npmjs.org/@types/node/-/node-20.10.3.tgz",
          "integrity": "sha512-XJavIpZqiXID5Yxnxv3RUDKTN5b81ddNC3ecsA0SoFXz/QU8OGBwZGMomiq0zw+uuqbL/krztv/DINAQ/EV4gg==",
          "requires": {
            "undici-types": "~5.26.4"
          }
        },
        "@types/ws": {
          "version": "8.5.9",
          "resolved": "https://registry.npmjs.org/@types/ws/-/ws-8.5.9.tgz",
          "integrity": "sha512-jbdrY0a8lxfdTp/+r7Z4CkycbOFN8WX+IOchLJr3juT/xzbJ8URyTVSJ/hvNdadTgM1mnedb47n+Y31GsFnQlg==",
          "requires": {
            "@types/node": "*"
          }
        },
        "@vladfrangu/async_event_emitter": {
          "version": "2.2.4",
          "resolved": "https://registry.npmjs.org/@vladfrangu/async_event_emitter/-/async_event_emitter-2.2.4.tgz",
          "integrity": "sha512-ButUPz9E9cXMLgvAW8aLAKKJJsPu1dY1/l/E8xzLFuysowXygs6GBcyunK9rnGC4zTsnIc2mQo71rGw9U+Ykug=="
        },
        "discord-api-types": {
          "version": "0.37.61",
          "resolved": "https://registry.npmjs.org/discord-api-types/-/discord-api-types-0.37.61.tgz",
          "integrity": "sha512-o/dXNFfhBpYHpQFdT6FWzeO7pKc838QeeZ9d91CfVAtpr5XLK4B/zYxQbYgPdoMiTDvJfzcsLW5naXgmHGDNXw=="
        },
        "fast-deep-equal": {
          "version": "3.1.3",
          "resolved": "https://registry.npmjs.org/fast-deep-equal/-/fast-deep-equal-3.1.3.tgz",
          "integrity": "sha512-f3qQ9oQy9j2AhBe/H9VC91wLmKBCCU/gDOnKNAYG5hswO7BLKj09Hc5HYNz9cGI++xlpDCIgDaitVs03ATR84Q=="
        },
        "lodash": {
          "version": "4.17.21",
          "resolved": "https://registry.npmjs.org/lodash/-/lodash-4.17.21.tgz",
          "integrity": "sha512-v2kDEe57lecTulaDIuNTPy3Ry4gLGJ6Z1O3vE1krgXZNrsQ+LFTGHVxVjcXPs17LhbZVGedAJv8XZ1tvj5FvSg=="
        },
        "lodash.snakecase": {
          "version": "4.1.1",
          "resolved": "https://registry.npmjs.org/lodash.snakecase/-/lodash.snakecase-4.1.1.tgz",
          "integrity": "sha512-QZ1d4xoBHYUeuouhEq3lk3Uq7ldgyFXGBhg04+oRLnIz8o9T65Eh+8YdroUwn846zchkA9yDsDl5CVVaV2nqYw=="
        },
        "magic-bytes.js": {
          "version": "1.6.0",
          "resolved": "https://registry.npmjs.org/magic-bytes.js/-/magic-bytes.js-1.6.0.tgz",
          "integrity": "sha512-eOGBE+NSCwU9dKKox93BPHjX4KSxIuiRY1/H1lkfxIagT0Llhs6bkRk8iqoP/0aeDl7FEZPa+ln5lay5mcNY4w=="
        },
        "ts-mixer": {
          "version": "6.0.3",
          "resolved": "https://registry.npmjs.org/ts-mixer/-/ts-mixer-6.0.3.tgz",
          "integrity": "sha512-k43M7uCG1AkTyxgnmI5MPwKoUvS/bRvLvUb7+Pgpdlmok8AoqmUaZxUUw8zKM5B1lqZrt41GjYgnvAi0fppqgQ=="
        },
        "tslib": {
          "version": "2.6.2",
          "resolved": "https://registry.npmjs.org/tslib/-/tslib-2.6.2.tgz",
          "integrity": "sha512-AEYxH93jGFPn/a2iVAwW87VuUIkR1FVUKB77NwMF7nBTDkDrrT/Hpt/IrCJ0QXhW27jTBDcf5ZY7w6RiqTMw2Q=="
        },
        "undici": {
          "version": "5.27.2",
          "resolved": "https://registry.npmjs.org/undici/-/undici-5.27.2.tgz",
          "integrity": "sha512-iS857PdOEy/y3wlM3yRp+6SNQQ6xU0mmZcwRSriqk+et/cwWAtwmIGf6WkoDN2EK/AMdCO/dfXzIwi+rFMrjjQ==",
          "requires": {
            "@fastify/busboy": "^2.0.0"
          }
        },
        "undici-types": {
          "version": "5.26.5",
          "resolved": "https://registry.npmjs.org/undici-types/-/undici-types-5.26.5.tgz",
          "integrity": "sha512-JlCMO+ehdEIKqlFxk6IfVoAUVmgz7cU7zD/h9XZ0qzeosSHmUJVOzSQvvYSYWXkFXC+IfLKSIffhv0sVZup6pA=="
        },
        "ws": {
          "version": "8.14.2",
          "resolved": "https://registry.npmjs.org/ws/-/ws-8.14.2.tgz",
          "integrity": "sha512-wEBG1ftX4jcglPxgFCMJmZ2PLtSbJ2Peg6TmpJFTbe9GZYOQCDPdMYu/Tm0/bGZkw8paZnJY45J4K2PZrLYq8g=="
        }
      }
    },
    "dotenv": {
      "version": "16.3.1"
    },
    "erela.js": {
      "version": "2.4.0",
      "requires": {
        "@discordjs/collection": "^1.1.0",
        "tslib": "^2.4.0",
        "undici": "^5.10.0",
        "ws": "^8.8.1"
      },
      "dependencies": {
        "@discordjs/collection": {
          "version": "1.5.3",
          "resolved": "https://registry.npmjs.org/@discordjs/collection/-/collection-1.5.3.tgz",
          "integrity": "sha512-SVb428OMd3WO1paV3rm6tSjM4wC+Kecaa1EUGX7vc6/fddvw/6lg90z4QtCqm21zvVe92vMMDt9+DkIvjXImQQ=="
        },
        "@fastify/busboy": {
          "version": "2.1.0",
          "resolved": "https://registry.npmjs.org/@fastify/busboy/-/busboy-2.1.0.tgz",
          "integrity": "sha512-+KpH+QxZU7O4675t3mnkQKcZZg56u+K/Ct2K+N2AZYNVK8kyeo/bI18tI8aPm3tvNNRyTWfj6s5tnGNlcbQRsA=="
        },
        "tslib": {
          "version": "2.6.2",
          "resolved": "https://registry.npmjs.org/tslib/-/tslib-2.6.2.tgz",
          "integrity": "sha512-AEYxH93jGFPn/a2iVAwW87VuUIkR1FVUKB77NwMF7nBTDkDrrT/Hpt/IrCJ0QXhW27jTBDcf5ZY7w6RiqTMw2Q=="
        },
        "undici": {
          "version": "5.28.2",
          "resolved": "https://registry.npmjs.org/undici/-/undici-5.28.2.tgz",
          "integrity": "sha512-wh1pHJHnUeQV5Xa8/kyQhO7WFa8M34l026L5P/+2TYiakvGy5Rdc8jWZVyG7ieht/0WgJLEd3kcU5gKx+6GC8w==",
          "requires": {
            "@fastify/busboy": "^2.0.0"
          }
        },
        "ws": {
          "version": "8.14.2",
          "resolved": "https://registry.npmjs.org/ws/-/ws-8.14.2.tgz",
          "integrity": "sha512-wEBG1ftX4jcglPxgFCMJmZ2PLtSbJ2Peg6TmpJFTbe9GZYOQCDPdMYu/Tm0/bGZkw8paZnJY45J4K2PZrLYq8g=="
        }
      }
    },
    "node": {
      "version": "17.9.1",
      "dev": true,
      "requires": {
        "node-bin-setup": "^1.0.0"
      },
      "dependencies": {
        "node-bin-setup": {
          "version": "1.1.3",
          "resolved": "https://registry.npmjs.org/node-bin-setup/-/node-bin-setup-1.1.3.tgz",
          "integrity": "sha512-opgw9iSCAzT2+6wJOETCpeRYAQxSopqQ2z+N6BXwIMsQQ7Zj5M8MaafQY8JMlolRR6R1UXg2WmhKp0p9lSOivg==",
          "dev": true
        }
      }
    },
    "path": {
      "version": "0.12.7",
      "requires": {
        "process": "^0.11.1",
        "util": "^0.10.3"
      },
      "dependencies": {
        "inherits": {
          "version": "2.0.3",
          "resolved": "https://registry.npmjs.org/inherits/-/inherits-2.0.3.tgz",
          "integrity": "sha512-x00IRNXNy63jwGkJmzPigoySHbaqpNuzKbBOmzK+g2OdZpQ9w+sxCN+VSB3ja7IAge2OP2qpfxTjeNcyjmW1uw=="
        },
        "process": {
          "version": "0.11.10",
          "resolved": "https://registry.npmjs.org/process/-/process-0.11.10.tgz",
          "integrity": "sha512-cdGef/drWFoydD1JsMzuFf8100nZl+GT+yacc2bEced5f9Rjk4z+WtFUTBu9PhOi9j/jfmBPu0mMEY4wIdAF8A=="
        },
        "util": {
          "version": "0.10.4",
          "resolved": "https://registry.npmjs.org/util/-/util-0.10.4.tgz",
          "integrity": "sha512-0Pm9hTQ3se5ll1XihRic3FDIku70C+iHUdT/W926rSgHV5QgXsYbKZN8MSC3tJtSkhuROzvsQjAaFENRXr+19A==",
          "requires": {
            "inherits": "2.0.3"
          }
        }
      }
    },
    "plsargs": {
      "version": "0.1.6",
      "requires": {
        "camel-case": "^4.1.2",
        "tslib": "^2.1.0"
      },
      "dependencies": {
        "camel-case": {
          "version": "4.1.2",
          "resolved": "https://registry.npmjs.org/camel-case/-/camel-case-4.1.2.tgz",
          "integrity": "sha512-gxGWBrTT1JuMx6R+o5PTXMmUnhnVzLQ9SNutD4YqKtI6ap897t3tKECYla6gCWEkplXnlNybEkZg9GEGxKFCgw==",
          "requires": {
            "pascal-case": "^3.1.2",
            "tslib": "^2.0.3"
          }
        },
        "lower-case": {
          "version": "2.0.2",
          "resolved": "https://registry.npmjs.org/lower-case/-/lower-case-2.0.2.tgz",
          "integrity": "sha512-7fm3l3NAF9WfN6W3JOmf5drwpVqX78JtoGJ3A6W0a6ZnldM41w2fV5D490psKFTpMds8TJse/eHLFFsNHHjHgg==",
          "requires": {
            "tslib": "^2.0.3"
          }
        },
        "no-case": {
          "version": "3.0.4",
          "resolved": "https://registry.npmjs.org/no-case/-/no-case-3.0.4.tgz",
          "integrity": "sha512-fgAN3jGAh+RoxUGZHTSOLJIqUc2wmoBwGR4tbpNAKmmovFoWq0OdRkb0VkldReO2a2iBT/OEulG9XSUc10r3zg==",
          "requires": {
            "lower-case": "^2.0.2",
            "tslib": "^2.0.3"
          }
        },
        "pascal-case": {
          "version": "3.1.2",
          "resolved": "https://registry.npmjs.org/pascal-case/-/pascal-case-3.1.2.tgz",
          "integrity": "sha512-uWlGT3YSnK9x3BQJaOdcZwrnV6hPpd8jFH1/ucpiLRPh/2zCVJKS19E4GvYHvaCcACn3foXZ0cLB9Wrx1KGe5g==",
          "requires": {
            "no-case": "^3.0.4",
            "tslib": "^2.0.3"
          }
        },
        "tslib": {
          "version": "2.6.2",
          "resolved": "https://registry.npmjs.org/tslib/-/tslib-2.6.2.tgz",
          "integrity": "sha512-AEYxH93jGFPn/a2iVAwW87VuUIkR1FVUKB77NwMF7nBTDkDrrT/Hpt/IrCJ0QXhW27jTBDcf5ZY7w6RiqTMw2Q=="
        }
      }
    },
    "recursive-readdir": {
      "version": "2.2.3",
      "requires": {
        "minimatch": "^3.0.5"
      },
      "dependencies": {
        "balanced-match": {
          "version": "1.0.2",
          "resolved": "https://registry.npmjs.org/balanced-match/-/balanced-match-1.0.2.tgz",
          "integrity": "sha512-3oSeUO0TMV67hN1AmbXsK4yaqU7tjiHlbxRDZOpH0KW9+CeX4bRAaX0Anxt0tx2MrpRpWwQaPwIlISEJhYU5Pw=="
        },
        "brace-expansion": {
          "version": "1.1.11",
          "resolved": "https://registry.npmjs.org/brace-expansion/-/brace-expansion-1.1.11.tgz",
          "integrity": "sha512-iCuPHDFgrHX7H2vEI/5xpz07zSHB00TpugqhmYtVmMO6518mCuRMoOYFldEBl0g187ufozdaHgWKcYFb61qGiA==",
          "requires": {
            "balanced-match": "^1.0.0",
            "concat-map": "0.0.1"
          }
        },
        "concat-map": {
          "version": "0.0.1",
          "resolved": "https://registry.npmjs.org/concat-map/-/concat-map-0.0.1.tgz",
          "integrity": "sha512-/Srv4dswyQNBfohGpz9o6Yb3Gz3SrUDqBH5rTuhGR7ahtlbYKnVxw2bCFMRljaA7EXHaXZ8wsHdodFvbkhKmqg=="
        },
        "minimatch": {
          "version": "3.1.2",
          "resolved": "https://registry.npmjs.org/minimatch/-/minimatch-3.1.2.tgz",
          "integrity": "sha512-J7p63hRiAjw1NDEww1W7i37+ByIrOWO5XQQAzZ3VOcL0PNybwpfmV/N05zFAzwQ9USyEcX6t3UO+K5aqBQOIHw==",
          "requires": {
            "brace-expansion": "^1.1.7"
          }
        }
      }
    },
    "st.db": {
      "version": "5.1.4",
      "requires": {
        "string-crypto": "^2.0.2",
        "typescript": "^4.7.4",
        "yaml": "^2.1.1"
      },
      "dependencies": {
        "string-crypto": {
          "version": "2.0.2",
          "resolved": "https://registry.npmjs.org/string-crypto/-/string-crypto-2.0.2.tgz",
          "integrity": "sha512-LhWeKBSpThCr/XEIltPNNfg9Rp10Ei/xPYANF2Y4ezaoXuF0fOU2vjwRfcaK1kgavkKkBqMWvh222cscP9myCA=="
        },
        "typescript": {
          "version": "4.9.5",
          "resolved": "https://registry.npmjs.org/typescript/-/typescript-4.9.5.tgz",
          "integrity": "sha512-1FXk9E2Hm+QzZQ7z+McJiHL4NW1F2EzMu9Nq9i3zAaGqibafqYwCVU6WyWAuyQRRzOlxou8xZSyXLEN8oKj24g=="
        },
        "yaml": {
          "version": "2.3.4",
          "resolved": "https://registry.npmjs.org/yaml/-/yaml-2.3.4.tgz",
          "integrity": "sha512-8aAvwVUSHpfEqTQ4w/KMlf3HcRdt50E5ODIQJBw1fQ5RL34xabzxtUlzTXVqc4rkZsPbvrXKWnABCD7kWSmocA=="
        }
      }
    },
    "stuffs": {
      "version": "0.1.36",
      "requires": {
        "typescript": "^4.8.4"
      },
      "dependencies": {
        "typescript": {
          "version": "4.9.5",
          "resolved": "https://registry.npmjs.org/typescript/-/typescript-4.9.5.tgz",
          "integrity": "sha512-1FXk9E2Hm+QzZQ7z+McJiHL4NW1F2EzMu9Nq9i3zAaGqibafqYwCVU6WyWAuyQRRzOlxou8xZSyXLEN8oKj24g=="
        }
      }
    }
  }
}
